// !$*UTF8*$!
{
	archiveVersion = 1;
	classes = {
	};
	objectVersion = 56;
	objects = {

/* Begin PBXBuildFile section */
		B62D59102C0F064700EAA5BA /* TextFieldViewModifier.swift in Sources */ = {isa = PBXBuildFile; fileRef = B62D590F2C0F064700EAA5BA /* TextFieldViewModifier.swift */; };
		B62D59122C0F092900EAA5BA /* AuthenticationManager.swift in Sources */ = {isa = PBXBuildFile; fileRef = B62D59112C0F092900EAA5BA /* AuthenticationManager.swift */; };
		B62D59152C0F0F9500EAA5BA /* AuthDataResModel.swift in Sources */ = {isa = PBXBuildFile; fileRef = B62D59142C0F0F9500EAA5BA /* AuthDataResModel.swift */; };
		B62D59172C1097B400EAA5BA /* GoogleService-Info.plist in Resources */ = {isa = PBXBuildFile; fileRef = B62D59162C1097B400EAA5BA /* GoogleService-Info.plist */; };
		B62D591A2C10989100EAA5BA /* GoogleSignIn in Frameworks */ = {isa = PBXBuildFile; productRef = B62D59192C10989100EAA5BA /* GoogleSignIn */; };
		B62D591C2C10989100EAA5BA /* GoogleSignInSwift in Frameworks */ = {isa = PBXBuildFile; productRef = B62D591B2C10989100EAA5BA /* GoogleSignInSwift */; };
		B62D591E2C10A1AA00EAA5BA /* TopViewController.swift in Sources */ = {isa = PBXBuildFile; fileRef = B62D591D2C10A1AA00EAA5BA /* TopViewController.swift */; };
		B62D59212C10AD8100EAA5BA /* SignInGoogleHelper.swift in Sources */ = {isa = PBXBuildFile; fileRef = B62D59202C10AD8100EAA5BA /* SignInGoogleHelper.swift */; };
		B62D59252C10B0F700EAA5BA /* AuthProviderOption.swift in Sources */ = {isa = PBXBuildFile; fileRef = B62D59242C10B0F700EAA5BA /* AuthProviderOption.swift */; };
		B62D59272C11B83A00EAA5BA /* SignInAppleHelper.swift in Sources */ = {isa = PBXBuildFile; fileRef = B62D59262C11B83A00EAA5BA /* SignInAppleHelper.swift */; };
		B630BE992C0EFD5B00F093FA /* FirebaseAuth in Frameworks */ = {isa = PBXBuildFile; productRef = B630BE982C0EFD5B00F093FA /* FirebaseAuth */; };
		B630BE9E2C0EFEB000F093FA /* AuthenticationView.swift in Sources */ = {isa = PBXBuildFile; fileRef = B630BE9D2C0EFEB000F093FA /* AuthenticationView.swift */; };
		B630BEA02C0EFFAE00F093FA /* SignInEmailView.swift in Sources */ = {isa = PBXBuildFile; fileRef = B630BE9F2C0EFFAE00F093FA /* SignInEmailView.swift */; };
		B630BEA22C0F00AF00F093FA /* SignInEmailViewModel.swift in Sources */ = {isa = PBXBuildFile; fileRef = B630BEA12C0F00AE00F093FA /* SignInEmailViewModel.swift */; };
		B65DE6942C07916400B9D2A8 /* BusArrivalView.swift in Sources */ = {isa = PBXBuildFile; fileRef = B65DE6932C07916400B9D2A8 /* BusArrivalView.swift */; };
		B65DE6962C07916C00B9D2A8 /* BusArrivalViewModel.swift in Sources */ = {isa = PBXBuildFile; fileRef = B65DE6952C07916C00B9D2A8 /* BusArrivalViewModel.swift */; };
		B65DE69B2C0797A900B9D2A8 /* BusModel.swift in Sources */ = {isa = PBXBuildFile; fileRef = B65DE69A2C0797A900B9D2A8 /* BusModel.swift */; };
		B68085D02C07300300A4CD91 /* KeyConstants.swift in Sources */ = {isa = PBXBuildFile; fileRef = B68085CF2C07300300A4CD91 /* KeyConstants.swift */; };
		B680CF852C12E31200D1D6F3 /* FirebaseFirestore in Frameworks */ = {isa = PBXBuildFile; productRef = B680CF842C12E31200D1D6F3 /* FirebaseFirestore */; };
		B680CF872C12E31200D1D6F3 /* FirebaseFirestoreSwift in Frameworks */ = {isa = PBXBuildFile; productRef = B680CF862C12E31200D1D6F3 /* FirebaseFirestoreSwift */; };
		B680CF8A2C12E7D300D1D6F3 /* ProfileView.swift in Sources */ = {isa = PBXBuildFile; fileRef = B680CF892C12E7D300D1D6F3 /* ProfileView.swift */; };
		B680CF8E2C12F06400D1D6F3 /* UserManager.swift in Sources */ = {isa = PBXBuildFile; fileRef = B680CF8D2C12F06400D1D6F3 /* UserManager.swift */; };
		B69364F62C16DCC60055E740 /* ProductsView.swift in Sources */ = {isa = PBXBuildFile; fileRef = B69364F52C16DCC60055E740 /* ProductsView.swift */; };
		B69364FA2C16DD5B0055E740 /* ProductModel.swift in Sources */ = {isa = PBXBuildFile; fileRef = B69364F92C16DD5B0055E740 /* ProductModel.swift */; };
		B69364FD2C16F2040055E740 /* ProductsManager.swift in Sources */ = {isa = PBXBuildFile; fileRef = B69364FC2C16F2040055E740 /* ProductsManager.swift */; };
		B69365002C16FA780055E740 /* ProductCellView.swift in Sources */ = {isa = PBXBuildFile; fileRef = B69364FF2C16FA780055E740 /* ProductCellView.swift */; };
		B6A7E9B92C122FA7007883BB /* AuthenticationViewModel.swift in Sources */ = {isa = PBXBuildFile; fileRef = B6A7E9B82C122FA7007883BB /* AuthenticationViewModel.swift */; };
		B6E198342C0607FF00444790 /* SingAppoApp.swift in Sources */ = {isa = PBXBuildFile; fileRef = B6E198332C0607FF00444790 /* SingAppoApp.swift */; };
		B6E198382C06080100444790 /* Assets.xcassets in Resources */ = {isa = PBXBuildFile; fileRef = B6E198372C06080100444790 /* Assets.xcassets */; };
		B6E1983C2C06080100444790 /* Preview Assets.xcassets in Resources */ = {isa = PBXBuildFile; fileRef = B6E1983B2C06080100444790 /* Preview Assets.xcassets */; };
		B6E198442C0608B700444790 /* SDWebImageSwiftUI in Frameworks */ = {isa = PBXBuildFile; productRef = B6E198432C0608B700444790 /* SDWebImageSwiftUI */; };
		B6E198472C0608C600444790 /* SwiftfulUI in Frameworks */ = {isa = PBXBuildFile; productRef = B6E198462C0608C600444790 /* SwiftfulUI */; };
		B6E1984A2C0608CD00444790 /* SwiftfulRouting in Frameworks */ = {isa = PBXBuildFile; productRef = B6E198492C0608CD00444790 /* SwiftfulRouting */; };
		B6E1984D2C0608D600444790 /* Lottie in Frameworks */ = {isa = PBXBuildFile; productRef = B6E1984C2C0608D600444790 /* Lottie */; };
		B6E198502C06092E00444790 /* ImageLoaderView.swift in Sources */ = {isa = PBXBuildFile; fileRef = B6E1984F2C06092E00444790 /* ImageLoaderView.swift */; };
		B6E198522C06098E00444790 /* Constants.swift in Sources */ = {isa = PBXBuildFile; fileRef = B6E198512C06098E00444790 /* Constants.swift */; };
		B6E198552C060C6E00444790 /* ErrorMessages.swift in Sources */ = {isa = PBXBuildFile; fileRef = B6E198542C060C6E00444790 /* ErrorMessages.swift */; };
		B6E1985B2C060CFB00444790 /* RootView.swift in Sources */ = {isa = PBXBuildFile; fileRef = B6E1985A2C060CFB00444790 /* RootView.swift */; };
		B6E1985E2C060E0D00444790 /* NetworkConnectionManager.swift in Sources */ = {isa = PBXBuildFile; fileRef = B6E1985D2C060E0D00444790 /* NetworkConnectionManager.swift */; };
		B6E198602C060E1900444790 /* NetworkStatus.swift in Sources */ = {isa = PBXBuildFile; fileRef = B6E1985F2C060E1900444790 /* NetworkStatus.swift */; };
		B6E198632C0611DF00444790 /* KeychainManager.swift in Sources */ = {isa = PBXBuildFile; fileRef = B6E198622C0611DF00444790 /* KeychainManager.swift */; };
		B6E198662C0611FE00444790 /* KeychainSwift in Frameworks */ = {isa = PBXBuildFile; productRef = B6E198652C0611FE00444790 /* KeychainSwift */; };
		B6E198692C06144F00444790 /* SgPoolsView.swift in Sources */ = {isa = PBXBuildFile; fileRef = B6E198682C06144F00444790 /* SgPoolsView.swift */; };
		B6E1986D2C0616B700444790 /* SgPoolsViewModel.swift in Sources */ = {isa = PBXBuildFile; fileRef = B6E1986C2C0616B700444790 /* SgPoolsViewModel.swift */; };
		B6E198702C0649CA00444790 /* HomeView.swift in Sources */ = {isa = PBXBuildFile; fileRef = B6E1986F2C0649CA00444790 /* HomeView.swift */; };
		B6E198722C0649E100444790 /* HomeViewModel.swift in Sources */ = {isa = PBXBuildFile; fileRef = B6E198712C0649E100444790 /* HomeViewModel.swift */; };
		B6E198782C064D1400444790 /* BluetoothView.swift in Sources */ = {isa = PBXBuildFile; fileRef = B6E198772C064D1400444790 /* BluetoothView.swift */; };
		B6E1987B2C064D3100444790 /* BluetoothViewModel.swift in Sources */ = {isa = PBXBuildFile; fileRef = B6E1987A2C064D3100444790 /* BluetoothViewModel.swift */; };
		B6E1987D2C06579200444790 /* SettingsView.swift in Sources */ = {isa = PBXBuildFile; fileRef = B6E1987C2C06579200444790 /* SettingsView.swift */; };
		B6E1987F2C0657A200444790 /* SettingsViewModel.swift in Sources */ = {isa = PBXBuildFile; fileRef = B6E1987E2C0657A200444790 /* SettingsViewModel.swift */; };
		B6E198812C065B8600444790 /* ButtonViewModifier.swift in Sources */ = {isa = PBXBuildFile; fileRef = B6E198802C065B8600444790 /* ButtonViewModifier.swift */; };
		B6E1988C2C070C2A00444790 /* SiriWaveView in Frameworks */ = {isa = PBXBuildFile; productRef = B6E1988B2C070C2A00444790 /* SiriWaveView */; };
		B6E1988F2C070C8300444790 /* XCAOpenAIClient in Frameworks */ = {isa = PBXBuildFile; productRef = B6E1988E2C070C8300444790 /* XCAOpenAIClient */; };
		B6E198922C070CF200444790 /* SpeechAIView.swift in Sources */ = {isa = PBXBuildFile; fileRef = B6E198912C070CF200444790 /* SpeechAIView.swift */; };
		B6E198952C070D5E00444790 /* VoiceModels.swift in Sources */ = {isa = PBXBuildFile; fileRef = B6E198942C070D5E00444790 /* VoiceModels.swift */; };
		B6E198992C070DFD00444790 /* SpeechAIViewModel.swift in Sources */ = {isa = PBXBuildFile; fileRef = B6E198982C070DFD00444790 /* SpeechAIViewModel.swift */; };
		B6ED6B042C07B48000F4BAEC /* NextBusFormatter.swift in Sources */ = {isa = PBXBuildFile; fileRef = B6ED6B032C07B48000F4BAEC /* NextBusFormatter.swift */; };
		B6ED6B062C085D2B00F4BAEC /* DismissKeyboardOnTapModifier.swift in Sources */ = {isa = PBXBuildFile; fileRef = B6ED6B052C085D2B00F4BAEC /* DismissKeyboardOnTapModifier.swift */; };
		B6ED6B0B2C0E33BF00F4BAEC /* FirebaseAnalytics in Frameworks */ = {isa = PBXBuildFile; productRef = B6ED6B0A2C0E33BF00F4BAEC /* FirebaseAnalytics */; };
		B6ED6B0D2C0E33BF00F4BAEC /* FirebaseAnalyticsSwift in Frameworks */ = {isa = PBXBuildFile; productRef = B6ED6B0C2C0E33BF00F4BAEC /* FirebaseAnalyticsSwift */; };
/* End PBXBuildFile section */

/* Begin PBXFileReference section */
		B62D590F2C0F064700EAA5BA /* TextFieldViewModifier.swift */ = {isa = PBXFileReference; lastKnownFileType = sourcecode.swift; path = TextFieldViewModifier.swift; sourceTree = "<group>"; };
		B62D59112C0F092900EAA5BA /* AuthenticationManager.swift */ = {isa = PBXFileReference; lastKnownFileType = sourcecode.swift; path = AuthenticationManager.swift; sourceTree = "<group>"; };
		B62D59142C0F0F9500EAA5BA /* AuthDataResModel.swift */ = {isa = PBXFileReference; lastKnownFileType = sourcecode.swift; path = AuthDataResModel.swift; sourceTree = "<group>"; };
		B62D59162C1097B400EAA5BA /* GoogleService-Info.plist */ = {isa = PBXFileReference; fileEncoding = 4; lastKnownFileType = text.plist.xml; name = "GoogleService-Info.plist"; path = "../../../Downloads/GoogleService-Info.plist"; sourceTree = "<group>"; };
		B62D591D2C10A1AA00EAA5BA /* TopViewController.swift */ = {isa = PBXFileReference; lastKnownFileType = sourcecode.swift; path = TopViewController.swift; sourceTree = "<group>"; };
		B62D59202C10AD8100EAA5BA /* SignInGoogleHelper.swift */ = {isa = PBXFileReference; lastKnownFileType = sourcecode.swift; path = SignInGoogleHelper.swift; sourceTree = "<group>"; };
		B62D59242C10B0F700EAA5BA /* AuthProviderOption.swift */ = {isa = PBXFileReference; lastKnownFileType = sourcecode.swift; path = AuthProviderOption.swift; sourceTree = "<group>"; };
		B62D59262C11B83A00EAA5BA /* SignInAppleHelper.swift */ = {isa = PBXFileReference; lastKnownFileType = sourcecode.swift; path = SignInAppleHelper.swift; sourceTree = "<group>"; };
		B630BE9D2C0EFEB000F093FA /* AuthenticationView.swift */ = {isa = PBXFileReference; lastKnownFileType = sourcecode.swift; path = AuthenticationView.swift; sourceTree = "<group>"; };
		B630BE9F2C0EFFAE00F093FA /* SignInEmailView.swift */ = {isa = PBXFileReference; lastKnownFileType = sourcecode.swift; path = SignInEmailView.swift; sourceTree = "<group>"; };
		B630BEA12C0F00AE00F093FA /* SignInEmailViewModel.swift */ = {isa = PBXFileReference; lastKnownFileType = sourcecode.swift; path = SignInEmailViewModel.swift; sourceTree = "<group>"; };
		B65DE6932C07916400B9D2A8 /* BusArrivalView.swift */ = {isa = PBXFileReference; lastKnownFileType = sourcecode.swift; path = BusArrivalView.swift; sourceTree = "<group>"; };
		B65DE6952C07916C00B9D2A8 /* BusArrivalViewModel.swift */ = {isa = PBXFileReference; lastKnownFileType = sourcecode.swift; path = BusArrivalViewModel.swift; sourceTree = "<group>"; };
		B65DE69A2C0797A900B9D2A8 /* BusModel.swift */ = {isa = PBXFileReference; lastKnownFileType = sourcecode.swift; path = BusModel.swift; sourceTree = "<group>"; };
		B65DE69C2C07A52600B9D2A8 /* Info.plist */ = {isa = PBXFileReference; lastKnownFileType = text.plist; path = Info.plist; sourceTree = "<group>"; };
		B68085CF2C07300300A4CD91 /* KeyConstants.swift */ = {isa = PBXFileReference; lastKnownFileType = sourcecode.swift; path = KeyConstants.swift; sourceTree = "<group>"; };
		B680CF892C12E7D300D1D6F3 /* ProfileView.swift */ = {isa = PBXFileReference; lastKnownFileType = sourcecode.swift; path = ProfileView.swift; sourceTree = "<group>"; };
		B680CF8D2C12F06400D1D6F3 /* UserManager.swift */ = {isa = PBXFileReference; lastKnownFileType = sourcecode.swift; path = UserManager.swift; sourceTree = "<group>"; };
		B69364F52C16DCC60055E740 /* ProductsView.swift */ = {isa = PBXFileReference; lastKnownFileType = sourcecode.swift; path = ProductsView.swift; sourceTree = "<group>"; };
		B69364F92C16DD5B0055E740 /* ProductModel.swift */ = {isa = PBXFileReference; lastKnownFileType = sourcecode.swift; path = ProductModel.swift; sourceTree = "<group>"; };
		B69364FC2C16F2040055E740 /* ProductsManager.swift */ = {isa = PBXFileReference; lastKnownFileType = sourcecode.swift; path = ProductsManager.swift; sourceTree = "<group>"; };
		B69364FF2C16FA780055E740 /* ProductCellView.swift */ = {isa = PBXFileReference; lastKnownFileType = sourcecode.swift; path = ProductCellView.swift; sourceTree = "<group>"; };
		B6A7E9B82C122FA7007883BB /* AuthenticationViewModel.swift */ = {isa = PBXFileReference; lastKnownFileType = sourcecode.swift; path = AuthenticationViewModel.swift; sourceTree = "<group>"; };
		B6E198302C0607FF00444790 /* SingAppo.app */ = {isa = PBXFileReference; explicitFileType = wrapper.application; includeInIndex = 0; path = SingAppo.app; sourceTree = BUILT_PRODUCTS_DIR; };
		B6E198332C0607FF00444790 /* SingAppoApp.swift */ = {isa = PBXFileReference; lastKnownFileType = sourcecode.swift; path = SingAppoApp.swift; sourceTree = "<group>"; };
		B6E198372C06080100444790 /* Assets.xcassets */ = {isa = PBXFileReference; lastKnownFileType = folder.assetcatalog; path = Assets.xcassets; sourceTree = "<group>"; };
		B6E198392C06080100444790 /* SingAppo.entitlements */ = {isa = PBXFileReference; lastKnownFileType = text.plist.entitlements; path = SingAppo.entitlements; sourceTree = "<group>"; };
		B6E1983B2C06080100444790 /* Preview Assets.xcassets */ = {isa = PBXFileReference; lastKnownFileType = folder.assetcatalog; path = "Preview Assets.xcassets"; sourceTree = "<group>"; };
		B6E1984F2C06092E00444790 /* ImageLoaderView.swift */ = {isa = PBXFileReference; lastKnownFileType = sourcecode.swift; path = ImageLoaderView.swift; sourceTree = "<group>"; };
		B6E198512C06098E00444790 /* Constants.swift */ = {isa = PBXFileReference; lastKnownFileType = sourcecode.swift; path = Constants.swift; sourceTree = "<group>"; };
		B6E198542C060C6E00444790 /* ErrorMessages.swift */ = {isa = PBXFileReference; lastKnownFileType = sourcecode.swift; path = ErrorMessages.swift; sourceTree = "<group>"; };
		B6E1985A2C060CFB00444790 /* RootView.swift */ = {isa = PBXFileReference; lastKnownFileType = sourcecode.swift; path = RootView.swift; sourceTree = "<group>"; };
		B6E1985D2C060E0D00444790 /* NetworkConnectionManager.swift */ = {isa = PBXFileReference; lastKnownFileType = sourcecode.swift; path = NetworkConnectionManager.swift; sourceTree = "<group>"; };
		B6E1985F2C060E1900444790 /* NetworkStatus.swift */ = {isa = PBXFileReference; lastKnownFileType = sourcecode.swift; path = NetworkStatus.swift; sourceTree = "<group>"; };
		B6E198622C0611DF00444790 /* KeychainManager.swift */ = {isa = PBXFileReference; lastKnownFileType = sourcecode.swift; path = KeychainManager.swift; sourceTree = "<group>"; };
		B6E198682C06144F00444790 /* SgPoolsView.swift */ = {isa = PBXFileReference; lastKnownFileType = sourcecode.swift; path = SgPoolsView.swift; sourceTree = "<group>"; };
		B6E1986C2C0616B700444790 /* SgPoolsViewModel.swift */ = {isa = PBXFileReference; lastKnownFileType = sourcecode.swift; path = SgPoolsViewModel.swift; sourceTree = "<group>"; };
		B6E1986F2C0649CA00444790 /* HomeView.swift */ = {isa = PBXFileReference; lastKnownFileType = sourcecode.swift; path = HomeView.swift; sourceTree = "<group>"; };
		B6E198712C0649E100444790 /* HomeViewModel.swift */ = {isa = PBXFileReference; lastKnownFileType = sourcecode.swift; path = HomeViewModel.swift; sourceTree = "<group>"; };
		B6E198772C064D1400444790 /* BluetoothView.swift */ = {isa = PBXFileReference; lastKnownFileType = sourcecode.swift; path = BluetoothView.swift; sourceTree = "<group>"; };
		B6E1987A2C064D3100444790 /* BluetoothViewModel.swift */ = {isa = PBXFileReference; lastKnownFileType = sourcecode.swift; path = BluetoothViewModel.swift; sourceTree = "<group>"; };
		B6E1987C2C06579200444790 /* SettingsView.swift */ = {isa = PBXFileReference; lastKnownFileType = sourcecode.swift; path = SettingsView.swift; sourceTree = "<group>"; };
		B6E1987E2C0657A200444790 /* SettingsViewModel.swift */ = {isa = PBXFileReference; lastKnownFileType = sourcecode.swift; path = SettingsViewModel.swift; sourceTree = "<group>"; };
		B6E198802C065B8600444790 /* ButtonViewModifier.swift */ = {isa = PBXFileReference; lastKnownFileType = sourcecode.swift; path = ButtonViewModifier.swift; sourceTree = "<group>"; };
		B6E198912C070CF200444790 /* SpeechAIView.swift */ = {isa = PBXFileReference; lastKnownFileType = sourcecode.swift; path = SpeechAIView.swift; sourceTree = "<group>"; };
		B6E198942C070D5E00444790 /* VoiceModels.swift */ = {isa = PBXFileReference; lastKnownFileType = sourcecode.swift; path = VoiceModels.swift; sourceTree = "<group>"; };
		B6E198982C070DFD00444790 /* SpeechAIViewModel.swift */ = {isa = PBXFileReference; lastKnownFileType = sourcecode.swift; path = SpeechAIViewModel.swift; sourceTree = "<group>"; };
		B6ED6B032C07B48000F4BAEC /* NextBusFormatter.swift */ = {isa = PBXFileReference; lastKnownFileType = sourcecode.swift; path = NextBusFormatter.swift; sourceTree = "<group>"; };
		B6ED6B052C085D2B00F4BAEC /* DismissKeyboardOnTapModifier.swift */ = {isa = PBXFileReference; lastKnownFileType = sourcecode.swift; path = DismissKeyboardOnTapModifier.swift; sourceTree = "<group>"; };
/* End PBXFileReference section */

/* Begin PBXFrameworksBuildPhase section */
		B6E1982D2C0607FF00444790 /* Frameworks */ = {
			isa = PBXFrameworksBuildPhase;
			buildActionMask = 2147483647;
			files = (
				B6ED6B0D2C0E33BF00F4BAEC /* FirebaseAnalyticsSwift in Frameworks */,
				B680CF852C12E31200D1D6F3 /* FirebaseFirestore in Frameworks */,
				B630BE992C0EFD5B00F093FA /* FirebaseAuth in Frameworks */,
				B680CF872C12E31200D1D6F3 /* FirebaseFirestoreSwift in Frameworks */,
				B62D591A2C10989100EAA5BA /* GoogleSignIn in Frameworks */,
				B62D591C2C10989100EAA5BA /* GoogleSignInSwift in Frameworks */,
				B6E198472C0608C600444790 /* SwiftfulUI in Frameworks */,
				B6E1984A2C0608CD00444790 /* SwiftfulRouting in Frameworks */,
				B6ED6B0B2C0E33BF00F4BAEC /* FirebaseAnalytics in Frameworks */,
				B6E198662C0611FE00444790 /* KeychainSwift in Frameworks */,
				B6E1988F2C070C8300444790 /* XCAOpenAIClient in Frameworks */,
				B6E1988C2C070C2A00444790 /* SiriWaveView in Frameworks */,
				B6E198442C0608B700444790 /* SDWebImageSwiftUI in Frameworks */,
				B6E1984D2C0608D600444790 /* Lottie in Frameworks */,
			);
			runOnlyForDeploymentPostprocessing = 0;
		};
/* End PBXFrameworksBuildPhase section */

/* Begin PBXGroup section */
		B62D59132C0F0F8D00EAA5BA /* Model */ = {
			isa = PBXGroup;
			children = (
				B62D59142C0F0F9500EAA5BA /* AuthDataResModel.swift */,
				B62D59242C10B0F700EAA5BA /* AuthProviderOption.swift */,
			);
			path = Model;
			sourceTree = "<group>";
		};
		B62D591F2C10AD3E00EAA5BA /* Helper */ = {
			isa = PBXGroup;
			children = (
				B62D59202C10AD8100EAA5BA /* SignInGoogleHelper.swift */,
				B62D59262C11B83A00EAA5BA /* SignInAppleHelper.swift */,
			);
			path = Helper;
			sourceTree = "<group>";
		};
		B630BE972C0EFD5B00F093FA /* Frameworks */ = {
			isa = PBXGroup;
			children = (
			);
			name = Frameworks;
			sourceTree = "<group>";
		};
		B630BE9A2C0EFE8900F093FA /* Authentication */ = {
			isa = PBXGroup;
			children = (
				B62D591F2C10AD3E00EAA5BA /* Helper */,
				B62D59132C0F0F8D00EAA5BA /* Model */,
				B630BE9C2C0EFEA300F093FA /* ViewModel */,
				B630BE9B2C0EFE9D00F093FA /* View */,
			);
			path = Authentication;
			sourceTree = "<group>";
		};
		B630BE9B2C0EFE9D00F093FA /* View */ = {
			isa = PBXGroup;
			children = (
				B630BE9D2C0EFEB000F093FA /* AuthenticationView.swift */,
				B630BE9F2C0EFFAE00F093FA /* SignInEmailView.swift */,
			);
			path = View;
			sourceTree = "<group>";
		};
		B630BE9C2C0EFEA300F093FA /* ViewModel */ = {
			isa = PBXGroup;
			children = (
				B630BEA12C0F00AE00F093FA /* SignInEmailViewModel.swift */,
				B6A7E9B82C122FA7007883BB /* AuthenticationViewModel.swift */,
			);
			path = ViewModel;
			sourceTree = "<group>";
		};
		B65DE68F2C07914300B9D2A8 /* BusArrival */ = {
			isa = PBXGroup;
			children = (
				B65DE6922C07915600B9D2A8 /* Model */,
				B65DE6912C07915100B9D2A8 /* ViewModel */,
				B65DE6902C07914C00B9D2A8 /* View */,
			);
			path = BusArrival;
			sourceTree = "<group>";
		};
		B65DE6902C07914C00B9D2A8 /* View */ = {
			isa = PBXGroup;
			children = (
				B65DE6932C07916400B9D2A8 /* BusArrivalView.swift */,
			);
			path = View;
			sourceTree = "<group>";
		};
		B65DE6912C07915100B9D2A8 /* ViewModel */ = {
			isa = PBXGroup;
			children = (
				B65DE6952C07916C00B9D2A8 /* BusArrivalViewModel.swift */,
			);
			path = ViewModel;
			sourceTree = "<group>";
		};
		B65DE6922C07915600B9D2A8 /* Model */ = {
			isa = PBXGroup;
			children = (
				B65DE69A2C0797A900B9D2A8 /* BusModel.swift */,
			);
			path = Model;
			sourceTree = "<group>";
		};
		B680CF882C12E7CA00D1D6F3 /* Profile */ = {
			isa = PBXGroup;
			children = (
				B680CF8B2C12E7DA00D1D6F3 /* View */,
			);
			path = Profile;
			sourceTree = "<group>";
		};
		B680CF8B2C12E7DA00D1D6F3 /* View */ = {
			isa = PBXGroup;
			children = (
				B680CF892C12E7D300D1D6F3 /* ProfileView.swift */,
			);
			path = View;
			sourceTree = "<group>";
		};
		B680CF8C2C12F02B00D1D6F3 /* Firestore */ = {
			isa = PBXGroup;
			children = (
			);
			path = Firestore;
			sourceTree = "<group>";
		};
		B69364F42C16DCA60055E740 /* Products */ = {
			isa = PBXGroup;
			children = (
				B69364F82C16DD4E0055E740 /* Model */,
				B69364F72C16DD460055E740 /* View */,
			);
			path = Products;
			sourceTree = "<group>";
		};
		B69364F72C16DD460055E740 /* View */ = {
			isa = PBXGroup;
			children = (
				B69364FE2C16FA620055E740 /* Subviews */,
				B69364F52C16DCC60055E740 /* ProductsView.swift */,
			);
			path = View;
			sourceTree = "<group>";
		};
		B69364F82C16DD4E0055E740 /* Model */ = {
			isa = PBXGroup;
			children = (
				B69364F92C16DD5B0055E740 /* ProductModel.swift */,
			);
			path = Model;
			sourceTree = "<group>";
		};
		B69364FB2C16F1E60055E740 /* Firestore */ = {
			isa = PBXGroup;
			children = (
				B680CF8D2C12F06400D1D6F3 /* UserManager.swift */,
				B69364FC2C16F2040055E740 /* ProductsManager.swift */,
			);
			path = Firestore;
			sourceTree = "<group>";
		};
		B69364FE2C16FA620055E740 /* Subviews */ = {
			isa = PBXGroup;
			children = (
				B69364FF2C16FA780055E740 /* ProductCellView.swift */,
			);
			path = Subviews;
			sourceTree = "<group>";
		};
		B6E198272C0607FF00444790 = {
			isa = PBXGroup;
			children = (
				B6E198322C0607FF00444790 /* SingAppo */,
				B6E198312C0607FF00444790 /* Products */,
				B630BE972C0EFD5B00F093FA /* Frameworks */,
			);
			sourceTree = "<group>";
		};
		B6E198312C0607FF00444790 /* Products */ = {
			isa = PBXGroup;
			children = (
				B6E198302C0607FF00444790 /* SingAppo.app */,
			);
			name = Products;
			sourceTree = "<group>";
		};
		B6E198322C0607FF00444790 /* SingAppo */ = {
			isa = PBXGroup;
			children = (
				B62D59162C1097B400EAA5BA /* GoogleService-Info.plist */,
				B65DE69C2C07A52600B9D2A8 /* Info.plist */,
				B68085CF2C07300300A4CD91 /* KeyConstants.swift */,
				B6E198332C0607FF00444790 /* SingAppoApp.swift */,
				B6E1984E2C06092000444790 /* Shared */,
				B6E198592C060CED00444790 /* Root */,
				B680CF8C2C12F02B00D1D6F3 /* Firestore */,
				B6E198582C060CC900444790 /* Core */,
				B6E198572C060CB300444790 /* Managers */,
				B6E198562C060CA200444790 /* Extensions */,
				B6E198532C060C5400444790 /* Utilities */,
				B6E198372C06080100444790 /* Assets.xcassets */,
				B6E198392C06080100444790 /* SingAppo.entitlements */,
				B6E1983A2C06080100444790 /* Preview Content */,
			);
			path = SingAppo;
			sourceTree = "<group>";
		};
		B6E1983A2C06080100444790 /* Preview Content */ = {
			isa = PBXGroup;
			children = (
				B6E1983B2C06080100444790 /* Preview Assets.xcassets */,
			);
			path = "Preview Content";
			sourceTree = "<group>";
		};
		B6E1984E2C06092000444790 /* Shared */ = {
			isa = PBXGroup;
			children = (
				B6E1984F2C06092E00444790 /* ImageLoaderView.swift */,
			);
			path = Shared;
			sourceTree = "<group>";
		};
		B6E198532C060C5400444790 /* Utilities */ = {
			isa = PBXGroup;
			children = (
				B6E198512C06098E00444790 /* Constants.swift */,
				B6E198542C060C6E00444790 /* ErrorMessages.swift */,
				B6ED6B032C07B48000F4BAEC /* NextBusFormatter.swift */,
				B62D591D2C10A1AA00EAA5BA /* TopViewController.swift */,
			);
			path = Utilities;
			sourceTree = "<group>";
		};
		B6E198562C060CA200444790 /* Extensions */ = {
			isa = PBXGroup;
			children = (
			);
			path = Extensions;
			sourceTree = "<group>";
		};
		B6E198572C060CB300444790 /* Managers */ = {
			isa = PBXGroup;
			children = (
				B69364FB2C16F1E60055E740 /* Firestore */,
				B6E1985C2C060DF900444790 /* NetworkConnection */,
				B6E198622C0611DF00444790 /* KeychainManager.swift */,
				B62D59112C0F092900EAA5BA /* AuthenticationManager.swift */,
			);
			path = Managers;
			sourceTree = "<group>";
		};
		B6E198582C060CC900444790 /* Core */ = {
			isa = PBXGroup;
			children = (
				B69364F42C16DCA60055E740 /* Products */,
				B680CF882C12E7CA00D1D6F3 /* Profile */,
				B630BE9A2C0EFE8900F093FA /* Authentication */,
				B65DE68F2C07914300B9D2A8 /* BusArrival */,
				B6E198902C070CE400444790 /* SpeechAI */,
				B6E198732C064CDC00444790 /* Bluetooth */,
				B6E1986E2C0649B900444790 /* Home */,
				B6E198672C06142900444790 /* SGPools */,
				B6E198612C0611AB00444790 /* ViewModifiers */,
			);
			path = Core;
			sourceTree = "<group>";
		};
		B6E198592C060CED00444790 /* Root */ = {
			isa = PBXGroup;
			children = (
				B6E1985A2C060CFB00444790 /* RootView.swift */,
			);
			path = Root;
			sourceTree = "<group>";
		};
		B6E1985C2C060DF900444790 /* NetworkConnection */ = {
			isa = PBXGroup;
			children = (
				B6E1985D2C060E0D00444790 /* NetworkConnectionManager.swift */,
				B6E1985F2C060E1900444790 /* NetworkStatus.swift */,
			);
			path = NetworkConnection;
			sourceTree = "<group>";
		};
		B6E198612C0611AB00444790 /* ViewModifiers */ = {
			isa = PBXGroup;
			children = (
				B6E198802C065B8600444790 /* ButtonViewModifier.swift */,
				B6ED6B052C085D2B00F4BAEC /* DismissKeyboardOnTapModifier.swift */,
				B62D590F2C0F064700EAA5BA /* TextFieldViewModifier.swift */,
			);
			path = ViewModifiers;
			sourceTree = "<group>";
		};
		B6E198672C06142900444790 /* SGPools */ = {
			isa = PBXGroup;
			children = (
				B6E1986B2C06145F00444790 /* ViewModel */,
				B6E1986A2C06145500444790 /* View */,
				B6E198682C06144F00444790 /* SgPoolsView.swift */,
			);
			path = SGPools;
			sourceTree = "<group>";
		};
		B6E1986A2C06145500444790 /* View */ = {
			isa = PBXGroup;
			children = (
			);
			path = View;
			sourceTree = "<group>";
		};
		B6E1986B2C06145F00444790 /* ViewModel */ = {
			isa = PBXGroup;
			children = (
				B6E1986C2C0616B700444790 /* SgPoolsViewModel.swift */,
			);
			path = ViewModel;
			sourceTree = "<group>";
		};
		B6E1986E2C0649B900444790 /* Home */ = {
			isa = PBXGroup;
			children = (
				B6E198762C064CFE00444790 /* ViewModel */,
				B6E198752C064CF400444790 /* View */,
			);
			path = Home;
			sourceTree = "<group>";
		};
		B6E198732C064CDC00444790 /* Bluetooth */ = {
			isa = PBXGroup;
			children = (
				B6E198792C064D1C00444790 /* ViewModel */,
				B6E198742C064CE800444790 /* View */,
			);
			path = Bluetooth;
			sourceTree = "<group>";
		};
		B6E198742C064CE800444790 /* View */ = {
			isa = PBXGroup;
			children = (
				B6E198772C064D1400444790 /* BluetoothView.swift */,
			);
			path = View;
			sourceTree = "<group>";
		};
		B6E198752C064CF400444790 /* View */ = {
			isa = PBXGroup;
			children = (
				B6E1986F2C0649CA00444790 /* HomeView.swift */,
				B6E1987C2C06579200444790 /* SettingsView.swift */,
			);
			path = View;
			sourceTree = "<group>";
		};
		B6E198762C064CFE00444790 /* ViewModel */ = {
			isa = PBXGroup;
			children = (
				B6E198712C0649E100444790 /* HomeViewModel.swift */,
				B6E1987E2C0657A200444790 /* SettingsViewModel.swift */,
			);
			path = ViewModel;
			sourceTree = "<group>";
		};
		B6E198792C064D1C00444790 /* ViewModel */ = {
			isa = PBXGroup;
			children = (
				B6E1987A2C064D3100444790 /* BluetoothViewModel.swift */,
			);
			path = ViewModel;
			sourceTree = "<group>";
		};
		B6E198902C070CE400444790 /* SpeechAI */ = {
			isa = PBXGroup;
			children = (
				B6E198972C070DE800444790 /* View */,
				B6E198962C070DDF00444790 /* ViewModel */,
				B6E198932C070D4F00444790 /* Model */,
			);
			path = SpeechAI;
			sourceTree = "<group>";
		};
		B6E198932C070D4F00444790 /* Model */ = {
			isa = PBXGroup;
			children = (
				B6E198942C070D5E00444790 /* VoiceModels.swift */,
			);
			path = Model;
			sourceTree = "<group>";
		};
		B6E198962C070DDF00444790 /* ViewModel */ = {
			isa = PBXGroup;
			children = (
				B6E198982C070DFD00444790 /* SpeechAIViewModel.swift */,
			);
			path = ViewModel;
			sourceTree = "<group>";
		};
		B6E198972C070DE800444790 /* View */ = {
			isa = PBXGroup;
			children = (
				B6E198912C070CF200444790 /* SpeechAIView.swift */,
			);
			path = View;
			sourceTree = "<group>";
		};
/* End PBXGroup section */

/* Begin PBXNativeTarget section */
		B6E1982F2C0607FF00444790 /* SingAppo */ = {
			isa = PBXNativeTarget;
			buildConfigurationList = B6E1983F2C06080100444790 /* Build configuration list for PBXNativeTarget "SingAppo" */;
			buildPhases = (
				B6E1982C2C0607FF00444790 /* Sources */,
				B6E1982D2C0607FF00444790 /* Frameworks */,
				B6E1982E2C0607FF00444790 /* Resources */,
			);
			buildRules = (
			);
			dependencies = (
			);
			name = SingAppo;
			packageProductDependencies = (
				B6E198432C0608B700444790 /* SDWebImageSwiftUI */,
				B6E198462C0608C600444790 /* SwiftfulUI */,
				B6E198492C0608CD00444790 /* SwiftfulRouting */,
				B6E1984C2C0608D600444790 /* Lottie */,
				B6E198652C0611FE00444790 /* KeychainSwift */,
				B6E1988B2C070C2A00444790 /* SiriWaveView */,
				B6E1988E2C070C8300444790 /* XCAOpenAIClient */,
				B6ED6B0A2C0E33BF00F4BAEC /* FirebaseAnalytics */,
				B6ED6B0C2C0E33BF00F4BAEC /* FirebaseAnalyticsSwift */,
				B630BE982C0EFD5B00F093FA /* FirebaseAuth */,
				B62D59192C10989100EAA5BA /* GoogleSignIn */,
				B62D591B2C10989100EAA5BA /* GoogleSignInSwift */,
				B680CF842C12E31200D1D6F3 /* FirebaseFirestore */,
				B680CF862C12E31200D1D6F3 /* FirebaseFirestoreSwift */,
			);
			productName = SingAppo;
			productReference = B6E198302C0607FF00444790 /* SingAppo.app */;
			productType = "com.apple.product-type.application";
		};
/* End PBXNativeTarget section */

/* Begin PBXProject section */
		B6E198282C0607FF00444790 /* Project object */ = {
			isa = PBXProject;
			attributes = {
				BuildIndependentTargetsInParallel = 1;
				LastSwiftUpdateCheck = 1540;
				LastUpgradeCheck = 1540;
				TargetAttributes = {
					B6E1982F2C0607FF00444790 = {
						CreatedOnToolsVersion = 15.4;
					};
				};
			};
			buildConfigurationList = B6E1982B2C0607FF00444790 /* Build configuration list for PBXProject "SingAppo" */;
			compatibilityVersion = "Xcode 14.0";
			developmentRegion = en;
			hasScannedForEncodings = 0;
			knownRegions = (
				en,
				Base,
			);
			mainGroup = B6E198272C0607FF00444790;
			packageReferences = (
				B6E198422C0608B700444790 /* XCRemoteSwiftPackageReference "SDWebImageSwiftUI" */,
				B6E198452C0608C600444790 /* XCRemoteSwiftPackageReference "SwiftfulUI" */,
				B6E198482C0608CD00444790 /* XCRemoteSwiftPackageReference "SwiftfulRouting" */,
				B6E1984B2C0608D600444790 /* XCRemoteSwiftPackageReference "lottie-ios" */,
				B6E198642C0611FE00444790 /* XCRemoteSwiftPackageReference "keychain-swift" */,
				B6E1988A2C070C2A00444790 /* XCRemoteSwiftPackageReference "SiriWaveView" */,
				B6E1988D2C070C8300444790 /* XCRemoteSwiftPackageReference "XCAOpenAIClient" */,
				B6ED6B092C0E33BF00F4BAEC /* XCRemoteSwiftPackageReference "firebase-ios-sdk" */,
				B62D59182C10989100EAA5BA /* XCRemoteSwiftPackageReference "GoogleSignIn-iOS" */,
			);
			productRefGroup = B6E198312C0607FF00444790 /* Products */;
			projectDirPath = "";
			projectRoot = "";
			targets = (
				B6E1982F2C0607FF00444790 /* SingAppo */,
			);
		};
/* End PBXProject section */

/* Begin PBXResourcesBuildPhase section */
		B6E1982E2C0607FF00444790 /* Resources */ = {
			isa = PBXResourcesBuildPhase;
			buildActionMask = 2147483647;
			files = (
				B6E1983C2C06080100444790 /* Preview Assets.xcassets in Resources */,
				B6E198382C06080100444790 /* Assets.xcassets in Resources */,
				B62D59172C1097B400EAA5BA /* GoogleService-Info.plist in Resources */,
			);
			runOnlyForDeploymentPostprocessing = 0;
		};
/* End PBXResourcesBuildPhase section */

/* Begin PBXSourcesBuildPhase section */
		B6E1982C2C0607FF00444790 /* Sources */ = {
			isa = PBXSourcesBuildPhase;
			buildActionMask = 2147483647;
			files = (
				B6A7E9B92C122FA7007883BB /* AuthenticationViewModel.swift in Sources */,
				B6E198992C070DFD00444790 /* SpeechAIViewModel.swift in Sources */,
				B630BEA22C0F00AF00F093FA /* SignInEmailViewModel.swift in Sources */,
				B680CF8E2C12F06400D1D6F3 /* UserManager.swift in Sources */,
				B69364F62C16DCC60055E740 /* ProductsView.swift in Sources */,
				B6E1987D2C06579200444790 /* SettingsView.swift in Sources */,
				B6E1986D2C0616B700444790 /* SgPoolsViewModel.swift in Sources */,
				B69364FD2C16F2040055E740 /* ProductsManager.swift in Sources */,
				B6E1985E2C060E0D00444790 /* NetworkConnectionManager.swift in Sources */,
				B62D59102C0F064700EAA5BA /* TextFieldViewModifier.swift in Sources */,
				B69364FA2C16DD5B0055E740 /* ProductModel.swift in Sources */,
				B6E198502C06092E00444790 /* ImageLoaderView.swift in Sources */,
				B69365002C16FA780055E740 /* ProductCellView.swift in Sources */,
				B630BE9E2C0EFEB000F093FA /* AuthenticationView.swift in Sources */,
				B62D59272C11B83A00EAA5BA /* SignInAppleHelper.swift in Sources */,
				B6E198692C06144F00444790 /* SgPoolsView.swift in Sources */,
				B6E1985B2C060CFB00444790 /* RootView.swift in Sources */,
				B62D59212C10AD8100EAA5BA /* SignInGoogleHelper.swift in Sources */,
				B6E198812C065B8600444790 /* ButtonViewModifier.swift in Sources */,
				B6E198952C070D5E00444790 /* VoiceModels.swift in Sources */,
				B6E198702C0649CA00444790 /* HomeView.swift in Sources */,
				B680CF8A2C12E7D300D1D6F3 /* ProfileView.swift in Sources */,
				B6ED6B042C07B48000F4BAEC /* NextBusFormatter.swift in Sources */,
				B6E198922C070CF200444790 /* SpeechAIView.swift in Sources */,
				B68085D02C07300300A4CD91 /* KeyConstants.swift in Sources */,
				B65DE69B2C0797A900B9D2A8 /* BusModel.swift in Sources */,
				B6E198342C0607FF00444790 /* SingAppoApp.swift in Sources */,
				B6E198722C0649E100444790 /* HomeViewModel.swift in Sources */,
				B6E198552C060C6E00444790 /* ErrorMessages.swift in Sources */,
				B65DE6942C07916400B9D2A8 /* BusArrivalView.swift in Sources */,
				B6E198522C06098E00444790 /* Constants.swift in Sources */,
				B6ED6B062C085D2B00F4BAEC /* DismissKeyboardOnTapModifier.swift in Sources */,
				B6E198602C060E1900444790 /* NetworkStatus.swift in Sources */,
				B62D591E2C10A1AA00EAA5BA /* TopViewController.swift in Sources */,
				B62D59152C0F0F9500EAA5BA /* AuthDataResModel.swift in Sources */,
				B6E1987B2C064D3100444790 /* BluetoothViewModel.swift in Sources */,
				B65DE6962C07916C00B9D2A8 /* BusArrivalViewModel.swift in Sources */,
				B6E198632C0611DF00444790 /* KeychainManager.swift in Sources */,
				B6E198782C064D1400444790 /* BluetoothView.swift in Sources */,
				B62D59122C0F092900EAA5BA /* AuthenticationManager.swift in Sources */,
				B62D59252C10B0F700EAA5BA /* AuthProviderOption.swift in Sources */,
				B6E1987F2C0657A200444790 /* SettingsViewModel.swift in Sources */,
				B630BEA02C0EFFAE00F093FA /* SignInEmailView.swift in Sources */,
			);
			runOnlyForDeploymentPostprocessing = 0;
		};
/* End PBXSourcesBuildPhase section */

/* Begin XCBuildConfiguration section */
		B6E1983D2C06080100444790 /* Debug */ = {
			isa = XCBuildConfiguration;
			buildSettings = {
				ALWAYS_SEARCH_USER_PATHS = NO;
				ASSETCATALOG_COMPILER_GENERATE_SWIFT_ASSET_SYMBOL_EXTENSIONS = YES;
				CLANG_ANALYZER_NONNULL = YES;
				CLANG_ANALYZER_NUMBER_OBJECT_CONVERSION = YES_AGGRESSIVE;
				CLANG_CXX_LANGUAGE_STANDARD = "gnu++20";
				CLANG_ENABLE_MODULES = YES;
				CLANG_ENABLE_OBJC_ARC = YES;
				CLANG_ENABLE_OBJC_WEAK = YES;
				CLANG_WARN_BLOCK_CAPTURE_AUTORELEASING = YES;
				CLANG_WARN_BOOL_CONVERSION = YES;
				CLANG_WARN_COMMA = YES;
				CLANG_WARN_CONSTANT_CONVERSION = YES;
				CLANG_WARN_DEPRECATED_OBJC_IMPLEMENTATIONS = YES;
				CLANG_WARN_DIRECT_OBJC_ISA_USAGE = YES_ERROR;
				CLANG_WARN_DOCUMENTATION_COMMENTS = YES;
				CLANG_WARN_EMPTY_BODY = YES;
				CLANG_WARN_ENUM_CONVERSION = YES;
				CLANG_WARN_INFINITE_RECURSION = YES;
				CLANG_WARN_INT_CONVERSION = YES;
				CLANG_WARN_NON_LITERAL_NULL_CONVERSION = YES;
				CLANG_WARN_OBJC_IMPLICIT_RETAIN_SELF = YES;
				CLANG_WARN_OBJC_LITERAL_CONVERSION = YES;
				CLANG_WARN_OBJC_ROOT_CLASS = YES_ERROR;
				CLANG_WARN_QUOTED_INCLUDE_IN_FRAMEWORK_HEADER = YES;
				CLANG_WARN_RANGE_LOOP_ANALYSIS = YES;
				CLANG_WARN_STRICT_PROTOTYPES = YES;
				CLANG_WARN_SUSPICIOUS_MOVE = YES;
				CLANG_WARN_UNGUARDED_AVAILABILITY = YES_AGGRESSIVE;
				CLANG_WARN_UNREACHABLE_CODE = YES;
				CLANG_WARN__DUPLICATE_METHOD_MATCH = YES;
				COPY_PHASE_STRIP = NO;
				DEBUG_INFORMATION_FORMAT = dwarf;
				ENABLE_STRICT_OBJC_MSGSEND = YES;
				ENABLE_TESTABILITY = YES;
				ENABLE_USER_SCRIPT_SANDBOXING = YES;
				GCC_C_LANGUAGE_STANDARD = gnu17;
				GCC_DYNAMIC_NO_PIC = NO;
				GCC_NO_COMMON_BLOCKS = YES;
				GCC_OPTIMIZATION_LEVEL = 0;
				GCC_PREPROCESSOR_DEFINITIONS = (
					"DEBUG=1",
					"$(inherited)",
				);
				GCC_WARN_64_TO_32_BIT_CONVERSION = YES;
				GCC_WARN_ABOUT_RETURN_TYPE = YES_ERROR;
				GCC_WARN_UNDECLARED_SELECTOR = YES;
				GCC_WARN_UNINITIALIZED_AUTOS = YES_AGGRESSIVE;
				GCC_WARN_UNUSED_FUNCTION = YES;
				GCC_WARN_UNUSED_VARIABLE = YES;
				LOCALIZATION_PREFERS_STRING_CATALOGS = YES;
				MTL_ENABLE_DEBUG_INFO = INCLUDE_SOURCE;
				MTL_FAST_MATH = YES;
				ONLY_ACTIVE_ARCH = YES;
				SWIFT_ACTIVE_COMPILATION_CONDITIONS = "DEBUG $(inherited)";
				SWIFT_OPTIMIZATION_LEVEL = "-Onone";
			};
			name = Debug;
		};
		B6E1983E2C06080100444790 /* Release */ = {
			isa = XCBuildConfiguration;
			buildSettings = {
				ALWAYS_SEARCH_USER_PATHS = NO;
				ASSETCATALOG_COMPILER_GENERATE_SWIFT_ASSET_SYMBOL_EXTENSIONS = YES;
				CLANG_ANALYZER_NONNULL = YES;
				CLANG_ANALYZER_NUMBER_OBJECT_CONVERSION = YES_AGGRESSIVE;
				CLANG_CXX_LANGUAGE_STANDARD = "gnu++20";
				CLANG_ENABLE_MODULES = YES;
				CLANG_ENABLE_OBJC_ARC = YES;
				CLANG_ENABLE_OBJC_WEAK = YES;
				CLANG_WARN_BLOCK_CAPTURE_AUTORELEASING = YES;
				CLANG_WARN_BOOL_CONVERSION = YES;
				CLANG_WARN_COMMA = YES;
				CLANG_WARN_CONSTANT_CONVERSION = YES;
				CLANG_WARN_DEPRECATED_OBJC_IMPLEMENTATIONS = YES;
				CLANG_WARN_DIRECT_OBJC_ISA_USAGE = YES_ERROR;
				CLANG_WARN_DOCUMENTATION_COMMENTS = YES;
				CLANG_WARN_EMPTY_BODY = YES;
				CLANG_WARN_ENUM_CONVERSION = YES;
				CLANG_WARN_INFINITE_RECURSION = YES;
				CLANG_WARN_INT_CONVERSION = YES;
				CLANG_WARN_NON_LITERAL_NULL_CONVERSION = YES;
				CLANG_WARN_OBJC_IMPLICIT_RETAIN_SELF = YES;
				CLANG_WARN_OBJC_LITERAL_CONVERSION = YES;
				CLANG_WARN_OBJC_ROOT_CLASS = YES_ERROR;
				CLANG_WARN_QUOTED_INCLUDE_IN_FRAMEWORK_HEADER = YES;
				CLANG_WARN_RANGE_LOOP_ANALYSIS = YES;
				CLANG_WARN_STRICT_PROTOTYPES = YES;
				CLANG_WARN_SUSPICIOUS_MOVE = YES;
				CLANG_WARN_UNGUARDED_AVAILABILITY = YES_AGGRESSIVE;
				CLANG_WARN_UNREACHABLE_CODE = YES;
				CLANG_WARN__DUPLICATE_METHOD_MATCH = YES;
				COPY_PHASE_STRIP = NO;
				DEBUG_INFORMATION_FORMAT = "dwarf-with-dsym";
				ENABLE_NS_ASSERTIONS = NO;
				ENABLE_STRICT_OBJC_MSGSEND = YES;
				ENABLE_USER_SCRIPT_SANDBOXING = YES;
				GCC_C_LANGUAGE_STANDARD = gnu17;
				GCC_NO_COMMON_BLOCKS = YES;
				GCC_WARN_64_TO_32_BIT_CONVERSION = YES;
				GCC_WARN_ABOUT_RETURN_TYPE = YES_ERROR;
				GCC_WARN_UNDECLARED_SELECTOR = YES;
				GCC_WARN_UNINITIALIZED_AUTOS = YES_AGGRESSIVE;
				GCC_WARN_UNUSED_FUNCTION = YES;
				GCC_WARN_UNUSED_VARIABLE = YES;
				LOCALIZATION_PREFERS_STRING_CATALOGS = YES;
				MTL_ENABLE_DEBUG_INFO = NO;
				MTL_FAST_MATH = YES;
				SWIFT_COMPILATION_MODE = wholemodule;
			};
			name = Release;
		};
		B6E198402C06080100444790 /* Debug */ = {
			isa = XCBuildConfiguration;
			buildSettings = {
				ASSETCATALOG_COMPILER_APPICON_NAME = AppIcon;
				ASSETCATALOG_COMPILER_GLOBAL_ACCENT_COLOR_NAME = AccentColor;
				CODE_SIGN_ENTITLEMENTS = SingAppo/SingAppo.entitlements;
				CODE_SIGN_STYLE = Automatic;
				CURRENT_PROJECT_VERSION = 1;
				DEVELOPMENT_ASSET_PATHS = "\"SingAppo/Preview Content\"";
				DEVELOPMENT_TEAM = HG2RBZC6ML;
				ENABLE_HARDENED_RUNTIME = YES;
				ENABLE_PREVIEWS = YES;
				GENERATE_INFOPLIST_FILE = YES;
				INFOPLIST_FILE = SingAppo/Info.plist;
				INFOPLIST_KEY_LSApplicationCategoryType = "public.app-category.lifestyle";
				INFOPLIST_KEY_NSBluetoothAlwaysUsageDescription = "Allow bluetooth use";
				INFOPLIST_KEY_NSBluetoothPeripheralUsageDescription = "Discovering bluetooth peripherals";
				INFOPLIST_KEY_NSMicrophoneUsageDescription = "Microphone for AI/Singing";
				"INFOPLIST_KEY_UIApplicationSceneManifest_Generation[sdk=iphoneos*]" = YES;
				"INFOPLIST_KEY_UIApplicationSceneManifest_Generation[sdk=iphonesimulator*]" = YES;
				"INFOPLIST_KEY_UIApplicationSupportsIndirectInputEvents[sdk=iphoneos*]" = YES;
				"INFOPLIST_KEY_UIApplicationSupportsIndirectInputEvents[sdk=iphonesimulator*]" = YES;
				"INFOPLIST_KEY_UILaunchScreen_Generation[sdk=iphoneos*]" = YES;
				"INFOPLIST_KEY_UILaunchScreen_Generation[sdk=iphonesimulator*]" = YES;
				"INFOPLIST_KEY_UIStatusBarStyle[sdk=iphoneos*]" = UIStatusBarStyleDefault;
				"INFOPLIST_KEY_UIStatusBarStyle[sdk=iphonesimulator*]" = UIStatusBarStyleDefault;
				INFOPLIST_KEY_UISupportedInterfaceOrientations = UIInterfaceOrientationPortrait;
				INFOPLIST_KEY_UISupportedInterfaceOrientations_iPad = "UIInterfaceOrientationLandscapeLeft UIInterfaceOrientationLandscapeRight UIInterfaceOrientationPortrait UIInterfaceOrientationPortraitUpsideDown";
				IPHONEOS_DEPLOYMENT_TARGET = 17.0;
				LD_RUNPATH_SEARCH_PATHS = "@executable_path/Frameworks";
				"LD_RUNPATH_SEARCH_PATHS[sdk=macosx*]" = "@executable_path/../Frameworks";
				MACOSX_DEPLOYMENT_TARGET = 14.5;
				MARKETING_VERSION = 0.0.0;
				PRODUCT_BUNDLE_IDENTIFIER = zachary.SingAppo;
				PRODUCT_NAME = "$(TARGET_NAME)";
				SDKROOT = auto;
				SUPPORTED_PLATFORMS = "iphoneos iphonesimulator";
				SUPPORTS_MACCATALYST = NO;
				SWIFT_EMIT_LOC_STRINGS = YES;
				SWIFT_VERSION = 5.0;
				TARGETED_DEVICE_FAMILY = 1;
			};
			name = Debug;
		};
		B6E198412C06080100444790 /* Release */ = {
			isa = XCBuildConfiguration;
			buildSettings = {
				ASSETCATALOG_COMPILER_APPICON_NAME = AppIcon;
				ASSETCATALOG_COMPILER_GLOBAL_ACCENT_COLOR_NAME = AccentColor;
				CODE_SIGN_ENTITLEMENTS = SingAppo/SingAppo.entitlements;
				CODE_SIGN_STYLE = Automatic;
				CURRENT_PROJECT_VERSION = 1;
				DEVELOPMENT_ASSET_PATHS = "\"SingAppo/Preview Content\"";
				DEVELOPMENT_TEAM = HG2RBZC6ML;
				ENABLE_HARDENED_RUNTIME = YES;
				ENABLE_PREVIEWS = YES;
				GENERATE_INFOPLIST_FILE = YES;
				INFOPLIST_FILE = SingAppo/Info.plist;
				INFOPLIST_KEY_LSApplicationCategoryType = "public.app-category.lifestyle";
				INFOPLIST_KEY_NSBluetoothAlwaysUsageDescription = "Allow bluetooth use";
				INFOPLIST_KEY_NSBluetoothPeripheralUsageDescription = "Discovering bluetooth peripherals";
				INFOPLIST_KEY_NSMicrophoneUsageDescription = "Microphone for AI/Singing";
				"INFOPLIST_KEY_UIApplicationSceneManifest_Generation[sdk=iphoneos*]" = YES;
				"INFOPLIST_KEY_UIApplicationSceneManifest_Generation[sdk=iphonesimulator*]" = YES;
				"INFOPLIST_KEY_UIApplicationSupportsIndirectInputEvents[sdk=iphoneos*]" = YES;
				"INFOPLIST_KEY_UIApplicationSupportsIndirectInputEvents[sdk=iphonesimulator*]" = YES;
				"INFOPLIST_KEY_UILaunchScreen_Generation[sdk=iphoneos*]" = YES;
				"INFOPLIST_KEY_UILaunchScreen_Generation[sdk=iphonesimulator*]" = YES;
				"INFOPLIST_KEY_UIStatusBarStyle[sdk=iphoneos*]" = UIStatusBarStyleDefault;
				"INFOPLIST_KEY_UIStatusBarStyle[sdk=iphonesimulator*]" = UIStatusBarStyleDefault;
				INFOPLIST_KEY_UISupportedInterfaceOrientations = UIInterfaceOrientationPortrait;
				INFOPLIST_KEY_UISupportedInterfaceOrientations_iPad = "UIInterfaceOrientationLandscapeLeft UIInterfaceOrientationLandscapeRight UIInterfaceOrientationPortrait UIInterfaceOrientationPortraitUpsideDown";
				IPHONEOS_DEPLOYMENT_TARGET = 17.0;
				LD_RUNPATH_SEARCH_PATHS = "@executable_path/Frameworks";
				"LD_RUNPATH_SEARCH_PATHS[sdk=macosx*]" = "@executable_path/../Frameworks";
				MACOSX_DEPLOYMENT_TARGET = 14.5;
				MARKETING_VERSION = 0.0.0;
				PRODUCT_BUNDLE_IDENTIFIER = zachary.SingAppo;
				PRODUCT_NAME = "$(TARGET_NAME)";
				SDKROOT = auto;
				SUPPORTED_PLATFORMS = "iphoneos iphonesimulator";
				SUPPORTS_MACCATALYST = NO;
				SWIFT_EMIT_LOC_STRINGS = YES;
				SWIFT_VERSION = 5.0;
				TARGETED_DEVICE_FAMILY = 1;
			};
			name = Release;
		};
/* End XCBuildConfiguration section */

/* Begin XCConfigurationList section */
		B6E1982B2C0607FF00444790 /* Build configuration list for PBXProject "SingAppo" */ = {
			isa = XCConfigurationList;
			buildConfigurations = (
				B6E1983D2C06080100444790 /* Debug */,
				B6E1983E2C06080100444790 /* Release */,
			);
			defaultConfigurationIsVisible = 0;
			defaultConfigurationName = Release;
		};
		B6E1983F2C06080100444790 /* Build configuration list for PBXNativeTarget "SingAppo" */ = {
			isa = XCConfigurationList;
			buildConfigurations = (
				B6E198402C06080100444790 /* Debug */,
				B6E198412C06080100444790 /* Release */,
			);
			defaultConfigurationIsVisible = 0;
			defaultConfigurationName = Release;
		};
/* End XCConfigurationList section */

/* Begin XCRemoteSwiftPackageReference section */
		B62D59182C10989100EAA5BA /* XCRemoteSwiftPackageReference "GoogleSignIn-iOS" */ = {
			isa = XCRemoteSwiftPackageReference;
			repositoryURL = "https://github.com/google/GoogleSignIn-iOS.git";
			requirement = {
				kind = upToNextMajorVersion;
				minimumVersion = 7.1.0;
			};
		};
		B6E198422C0608B700444790 /* XCRemoteSwiftPackageReference "SDWebImageSwiftUI" */ = {
			isa = XCRemoteSwiftPackageReference;
			repositoryURL = "https://github.com/SDWebImage/SDWebImageSwiftUI.git";
			requirement = {
				kind = upToNextMajorVersion;
				minimumVersion = 3.0.4;
			};
		};
		B6E198452C0608C600444790 /* XCRemoteSwiftPackageReference "SwiftfulUI" */ = {
			isa = XCRemoteSwiftPackageReference;
			repositoryURL = "https://github.com/SwiftfulThinking/SwiftfulUI.git";
			requirement = {
				kind = upToNextMajorVersion;
				minimumVersion = 1.2.0;
			};
		};
		B6E198482C0608CD00444790 /* XCRemoteSwiftPackageReference "SwiftfulRouting" */ = {
			isa = XCRemoteSwiftPackageReference;
			repositoryURL = "https://github.com/SwiftfulThinking/SwiftfulRouting.git";
			requirement = {
				kind = upToNextMajorVersion;
				minimumVersion = 5.3.4;
			};
		};
		B6E1984B2C0608D600444790 /* XCRemoteSwiftPackageReference "lottie-ios" */ = {
			isa = XCRemoteSwiftPackageReference;
			repositoryURL = "https://github.com/airbnb/lottie-ios.git";
			requirement = {
				kind = upToNextMajorVersion;
				minimumVersion = 4.4.3;
			};
		};
		B6E198642C0611FE00444790 /* XCRemoteSwiftPackageReference "keychain-swift" */ = {
			isa = XCRemoteSwiftPackageReference;
			repositoryURL = "https://github.com/evgenyneu/keychain-swift.git";
			requirement = {
				kind = upToNextMajorVersion;
				minimumVersion = 24.0.0;
			};
		};
		B6E1988A2C070C2A00444790 /* XCRemoteSwiftPackageReference "SiriWaveView" */ = {
			isa = XCRemoteSwiftPackageReference;
			repositoryURL = "https://github.com/alfianlosari/SiriWaveView.git";
			requirement = {
				branch = master;
				kind = branch;
			};
		};
		B6E1988D2C070C8300444790 /* XCRemoteSwiftPackageReference "XCAOpenAIClient" */ = {
			isa = XCRemoteSwiftPackageReference;
			repositoryURL = "https://github.com/alfianlosari/XCAOpenAIClient.git";
			requirement = {
				branch = main;
				kind = branch;
			};
		};
		B6ED6B092C0E33BF00F4BAEC /* XCRemoteSwiftPackageReference "firebase-ios-sdk" */ = {
			isa = XCRemoteSwiftPackageReference;
			repositoryURL = "https://github.com/firebase/firebase-ios-sdk";
			requirement = {
				kind = upToNextMajorVersion;
				minimumVersion = 10.27.0;
			};
		};
/* End XCRemoteSwiftPackageReference section */

/* Begin XCSwiftPackageProductDependency section */
		B62D59192C10989100EAA5BA /* GoogleSignIn */ = {
			isa = XCSwiftPackageProductDependency;
			package = B62D59182C10989100EAA5BA /* XCRemoteSwiftPackageReference "GoogleSignIn-iOS" */;
			productName = GoogleSignIn;
		};
		B62D591B2C10989100EAA5BA /* GoogleSignInSwift */ = {
			isa = XCSwiftPackageProductDependency;
			package = B62D59182C10989100EAA5BA /* XCRemoteSwiftPackageReference "GoogleSignIn-iOS" */;
			productName = GoogleSignInSwift;
		};
		B630BE982C0EFD5B00F093FA /* FirebaseAuth */ = {
			isa = XCSwiftPackageProductDependency;
			package = B6ED6B092C0E33BF00F4BAEC /* XCRemoteSwiftPackageReference "firebase-ios-sdk" */;
			productName = FirebaseAuth;
		};
		B680CF842C12E31200D1D6F3 /* FirebaseFirestore */ = {
			isa = XCSwiftPackageProductDependency;
			package = B6ED6B092C0E33BF00F4BAEC /* XCRemoteSwiftPackageReference "firebase-ios-sdk" */;
			productName = FirebaseFirestore;
		};
		B680CF862C12E31200D1D6F3 /* FirebaseFirestoreSwift */ = {
			isa = XCSwiftPackageProductDependency;
			package = B6ED6B092C0E33BF00F4BAEC /* XCRemoteSwiftPackageReference "firebase-ios-sdk" */;
			productName = FirebaseFirestoreSwift;
		};
		B6E198432C0608B700444790 /* SDWebImageSwiftUI */ = {
			isa = XCSwiftPackageProductDependency;
			package = B6E198422C0608B700444790 /* XCRemoteSwiftPackageReference "SDWebImageSwiftUI" */;
			productName = SDWebImageSwiftUI;
		};
		B6E198462C0608C600444790 /* SwiftfulUI */ = {
			isa = XCSwiftPackageProductDependency;
			package = B6E198452C0608C600444790 /* XCRemoteSwiftPackageReference "SwiftfulUI" */;
			productName = SwiftfulUI;
		};
		B6E198492C0608CD00444790 /* SwiftfulRouting */ = {
			isa = XCSwiftPackageProductDependency;
			package = B6E198482C0608CD00444790 /* XCRemoteSwiftPackageReference "SwiftfulRouting" */;
			productName = SwiftfulRouting;
		};
		B6E1984C2C0608D600444790 /* Lottie */ = {
			isa = XCSwiftPackageProductDependency;
			package = B6E1984B2C0608D600444790 /* XCRemoteSwiftPackageReference "lottie-ios" */;
			productName = Lottie;
		};
		B6E198652C0611FE00444790 /* KeychainSwift */ = {
			isa = XCSwiftPackageProductDependency;
			package = B6E198642C0611FE00444790 /* XCRemoteSwiftPackageReference "keychain-swift" */;
			productName = KeychainSwift;
		};
		B6E1988B2C070C2A00444790 /* SiriWaveView */ = {
			isa = XCSwiftPackageProductDependency;
			package = B6E1988A2C070C2A00444790 /* XCRemoteSwiftPackageReference "SiriWaveView" */;
			productName = SiriWaveView;
		};
		B6E1988E2C070C8300444790 /* XCAOpenAIClient */ = {
			isa = XCSwiftPackageProductDependency;
			package = B6E1988D2C070C8300444790 /* XCRemoteSwiftPackageReference "XCAOpenAIClient" */;
			productName = XCAOpenAIClient;
		};
		B6ED6B0A2C0E33BF00F4BAEC /* FirebaseAnalytics */ = {
			isa = XCSwiftPackageProductDependency;
			package = B6ED6B092C0E33BF00F4BAEC /* XCRemoteSwiftPackageReference "firebase-ios-sdk" */;
			productName = FirebaseAnalytics;
		};
		B6ED6B0C2C0E33BF00F4BAEC /* FirebaseAnalyticsSwift */ = {
			isa = XCSwiftPackageProductDependency;
			package = B6ED6B092C0E33BF00F4BAEC /* XCRemoteSwiftPackageReference "firebase-ios-sdk" */;
			productName = FirebaseAnalyticsSwift;
		};
/* End XCSwiftPackageProductDependency section */
	};
	rootObject = B6E198282C0607FF00444790 /* Project object */;
}
